// !$*UTF8*$!
{
	archiveVersion = 1;
	classes = {
	};
	objectVersion = 50;
	objects = {

/* Begin PBXBuildFile section */
		A40F9E6624E230AC00A207D9 /* ResultViewController.swift in Sources */ = {isa = PBXBuildFile; fileRef = A40F9E6524E230AC00A207D9 /* ResultViewController.swift */; };
		A4149C9024E100E9001D0032 /* AppDelegate.swift in Sources */ = {isa = PBXBuildFile; fileRef = A4149C8F24E100E9001D0032 /* AppDelegate.swift */; };
		A4149C9224E100E9001D0032 /* SceneDelegate.swift in Sources */ = {isa = PBXBuildFile; fileRef = A4149C9124E100E9001D0032 /* SceneDelegate.swift */; };
		A4149C9424E100E9001D0032 /* ViewController.swift in Sources */ = {isa = PBXBuildFile; fileRef = A4149C9324E100E9001D0032 /* ViewController.swift */; };
		A4149C9724E100E9001D0032 /* Main.storyboard in Resources */ = {isa = PBXBuildFile; fileRef = A4149C9524E100E9001D0032 /* Main.storyboard */; };
		A4149C9924E100EA001D0032 /* Assets.xcassets in Resources */ = {isa = PBXBuildFile; fileRef = A4149C9824E100EA001D0032 /* Assets.xcassets */; };
		A4149C9C24E100EA001D0032 /* LaunchScreen.storyboard in Resources */ = {isa = PBXBuildFile; fileRef = A4149C9A24E100EA001D0032 /* LaunchScreen.storyboard */; };
		A49228C924EB7FB1007B37C6 /* asuka1.jpeg in Resources */ = {isa = PBXBuildFile; fileRef = A49228C824EB7FB1007B37C6 /* asuka1.jpeg */; };
		A49228CC24EB7FC2007B37C6 /* asuka2.jpeg in Resources */ = {isa = PBXBuildFile; fileRef = A49228CA24EB7FC2007B37C6 /* asuka2.jpeg */; };
		A49228CD24EB7FC2007B37C6 /* asuka3.jpeg in Resources */ = {isa = PBXBuildFile; fileRef = A49228CB24EB7FC2007B37C6 /* asuka3.jpeg */; };
/* End PBXBuildFile section */

/* Begin PBXFileReference section */
		A40F9E6524E230AC00A207D9 /* ResultViewController.swift */ = {isa = PBXFileReference; lastKnownFileType = sourcecode.swift; path = ResultViewController.swift; sourceTree = "<group>"; };
		A4149C8C24E100E9001D0032 /* SlideShowApp.app */ = {isa = PBXFileReference; explicitFileType = wrapper.application; includeInIndex = 0; path = SlideShowApp.app; sourceTree = BUILT_PRODUCTS_DIR; };
		A4149C8F24E100E9001D0032 /* AppDelegate.swift */ = {isa = PBXFileReference; lastKnownFileType = sourcecode.swift; path = AppDelegate.swift; sourceTree = "<group>"; };
		A4149C9124E100E9001D0032 /* SceneDelegate.swift */ = {isa = PBXFileReference; lastKnownFileType = sourcecode.swift; path = SceneDelegate.swift; sourceTree = "<group>"; };
		A4149C9324E100E9001D0032 /* ViewController.swift */ = {isa = PBXFileReference; lastKnownFileType = sourcecode.swift; path = ViewController.swift; sourceTree = "<group>"; };
		A4149C9624E100E9001D0032 /* Base */ = {isa = PBXFileReference; lastKnownFileType = file.storyboard; name = Base; path = Base.lproj/Main.storyboard; sourceTree = "<group>"; };
		A4149C9824E100EA001D0032 /* Assets.xcassets */ = {isa = PBXFileReference; lastKnownFileType = folder.assetcatalog; path = Assets.xcassets; sourceTree = "<group>"; };
		A4149C9B24E100EA001D0032 /* Base */ = {isa = PBXFileReference; lastKnownFileType = file.storyboard; name = Base; path = Base.lproj/LaunchScreen.storyboard; sourceTree = "<group>"; };
		A4149C9D24E100EA001D0032 /* Info.plist */ = {isa = PBXFileReference; lastKnownFileType = text.plist.xml; path = Info.plist; sourceTree = "<group>"; };
		A49228C824EB7FB1007B37C6 /* asuka1.jpeg */ = {isa = PBXFileReference; lastKnownFileType = image.jpeg; path = asuka1.jpeg; sourceTree = "<group>"; };
		A49228CA24EB7FC2007B37C6 /* asuka2.jpeg */ = {isa = PBXFileReference; lastKnownFileType = image.jpeg; path = asuka2.jpeg; sourceTree = "<group>"; };
		A49228CB24EB7FC2007B37C6 /* asuka3.jpeg */ = {isa = PBXFileReference; lastKnownFileType = image.jpeg; path = asuka3.jpeg; sourceTree = "<group>"; };
/* End PBXFileReference section */

/* Begin PBXFrameworksBuildPhase section */
		A4149C8924E100E9001D0032 /* Frameworks */ = {
			isa = PBXFrameworksBuildPhase;
			buildActionMask = 2147483647;
			files = (
			);
			runOnlyForDeploymentPostprocessing = 0;
		};
/* End PBXFrameworksBuildPhase section */

/* Begin PBXGroup section */
		A4149C8324E100E9001D0032 = {
			isa = PBXGroup;
			children = (
				A4149C8E24E100E9001D0032 /* SlideShowApp */,
				A4149C8D24E100E9001D0032 /* Products */,
			);
			sourceTree = "<group>";
		};
		A4149C8D24E100E9001D0032 /* Products */ = {
			isa = PBXGroup;
			children = (
				A4149C8C24E100E9001D0032 /* SlideShowApp.app */,
			);
			name = Products;
			sourceTree = "<group>";
		};
		A4149C8E24E100E9001D0032 /* SlideShowApp */ = {
			isa = PBXGroup;
			children = (
				A4149C8F24E100E9001D0032 /* AppDelegate.swift */,
				A4149C9124E100E9001D0032 /* SceneDelegate.swift */,
				A4149C9324E100E9001D0032 /* ViewController.swift */,
				A40F9E6524E230AC00A207D9 /* ResultViewController.swift */,
				A4149C9524E100E9001D0032 /* Main.storyboard */,
				A4149C9824E100EA001D0032 /* Assets.xcassets */,
				A4149C9A24E100EA001D0032 /* LaunchScreen.storyboard */,
				A4149C9D24E100EA001D0032 /* Info.plist */,
				A49228C824EB7FB1007B37C6 /* asuka1.jpeg */,
				A49228CA24EB7FC2007B37C6 /* asuka2.jpeg */,
				A49228CB24EB7FC2007B37C6 /* asuka3.jpeg */,
			);
			path = SlideShowApp;
			sourceTree = "<group>";
		};
/* End PBXGroup section */

/* Begin PBXNativeTarget section */
		A4149C8B24E100E9001D0032 /* SlideShowApp */ = {
			isa = PBXNativeTarget;
			buildConfigurationList = A4149CA024E100EA001D0032 /* Build configuration list for PBXNativeTarget "SlideShowApp" */;
			buildPhases = (
				A4149C8824E100E9001D0032 /* Sources */,
				A4149C8924E100E9001D0032 /* Frameworks */,
				A4149C8A24E100E9001D0032 /* Resources */,
			);
			buildRules = (
			);
			dependencies = (
			);
			name = SlideShowApp;
			productName = SlideShowApp;
			productReference = A4149C8C24E100E9001D0032 /* SlideShowApp.app */;
			productType = "com.apple.product-type.application";
		};
/* End PBXNativeTarget section */

/* Begin PBXProject section */
		A4149C8424E100E9001D0032 /* Project object */ = {
			isa = PBXProject;
			attributes = {
				LastSwiftUpdateCheck = 1160;
				LastUpgradeCheck = 1160;
				ORGANIZATIONNAME = "Kazuma Miura";
				TargetAttributes = {
					A4149C8B24E100E9001D0032 = {
						CreatedOnToolsVersion = 11.6;
					};
				};
			};
			buildConfigurationList = A4149C8724E100E9001D0032 /* Build configuration list for PBXProject "SlideShowApp2" */;
			compatibilityVersion = "Xcode 9.3";
			developmentRegion = en;
			hasScannedForEncodings = 0;
			knownRegions = (
				en,
				Base,
			);
			mainGroup = A4149C8324E100E9001D0032;
			productRefGroup = A4149C8D24E100E9001D0032 /* Products */;
			projectDirPath = "";
			projectRoot = "";
			targets = (
				A4149C8B24E100E9001D0032 /* SlideShowApp */,
			);
		};
/* End PBXProject section */

/* Begin PBXResourcesBuildPhase section */
		A4149C8A24E100E9001D0032 /* Resources */ = {
			isa = PBXResourcesBuildPhase;
			buildActionMask = 2147483647;
			files = (
				A4149C9C24E100EA001D0032 /* LaunchScreen.storyboard in Resources */,
				A49228CD24EB7FC2007B37C6 /* asuka3.jpeg in Resources */,
				A49228C924EB7FB1007B37C6 /* asuka1.jpeg in Resources */,
				A4149C9924E100EA001D0032 /* Assets.xcassets in Resources */,
				A4149C9724E100E9001D0032 /* Main.storyboard in Resources */,
				A49228CC24EB7FC2007B37C6 /* asuka2.jpeg in Resources */,
			);
			runOnlyForDeploymentPostprocessing = 0;
		};
/* End PBXResourcesBuildPhase section */

/* Begin PBXSourcesBuildPhase section */
		A4149C8824E100E9001D0032 /* Sources */ = {
			isa = PBXSourcesBuildPhase;
			buildActionMask = 2147483647;
			files = (
				A4149C9424E100E9001D0032 /* ViewController.swift in Sources */,
				A4149C9024E100E9001D0032 /* AppDelegate.swift in Sources */,
				A4149C9224E100E9001D0032 /* SceneDelegate.swift in Sources */,
				A40F9E6624E230AC00A207D9 /* ResultViewController.swift in Sources */,
			);
			runOnlyForDeploymentPostprocessing = 0;
		};
/* End PBXSourcesBuildPhase section */

/* Begin PBXVariantGroup section */
		A4149C9524E100E9001D0032 /* Main.storyboard */ = {
			isa = PBXVariantGroup;
			children = (
				A4149C9624E100E9001D0032 /* Base */,
			);
			name = Main.storyboard;
			sourceTree = "<group>";
		};
		A4149C9A24E100EA001D0032 /* LaunchScreen.storyboard */ = {
			isa = PBXVariantGroup;
			children = (
				A4149C9B24E100EA001D0032 /* Base */,
			);
			name = LaunchScreen.storyboard;
			sourceTree = "<group>";
		};
/* End PBXVariantGroup section */

/* Begin XCBuildConfiguration section */
		A4149C9E24E100EA001D0032 /* Debug */ = {
			isa = XCBuildConfiguration;
			buildSettings = {
				ALWAYS_SEARCH_USER_PATHS = NO;
				CLANG_ANALYZER_NONNULL = YES;
				CLANG_ANALYZER_NUMBER_OBJECT_CONVERSION = YES_AGGRESSIVE;
				CLANG_CXX_LANGUAGE_STANDARD = "gnu++14";
				CLANG_CXX_LIBRARY = "libc++";
				CLANG_ENABLE_MODULES = YES;
				CLANG_ENABLE_OBJC_ARC = YES;
				CLANG_ENABLE_OBJC_WEAK = YES;
				CLANG_WARN_BLOCK_CAPTURE_AUTORELEASING = YES;
				CLANG_WARN_BOOL_CONVERSION = YES;
				CLANG_WARN_COMMA = YES;
				CLANG_WARN_CONSTANT_CONVERSION = YES;
				CLANG_WARN_DEPRECATED_OBJC_IMPLEMENTATIONS = YES;
				CLANG_WARN_DIRECT_OBJC_ISA_USAGE = YES_ERROR;
				CLANG_WARN_DOCUMENTATION_COMMENTS = YES;
				CLANG_WARN_EMPTY_BODY = YES;
				CLANG_WARN_ENUM_CONVERSION = YES;
				CLANG_WARN_INFINITE_RECURSION = YES;
				CLANG_WARN_INT_CONVERSION = YES;
				CLANG_WARN_NON_LITERAL_NULL_CONVERSION = YES;
				CLANG_WARN_OBJC_IMPLICIT_RETAIN_SELF = YES;
				CLANG_WARN_OBJC_LITERAL_CONVERSION = YES;
				CLANG_WARN_OBJC_ROOT_CLASS = YES_ERROR;
				CLANG_WARN_RANGE_LOOP_ANALYSIS = YES;
				CLANG_WARN_STRICT_PROTOTYPES = YES;
				CLANG_WARN_SUSPICIOUS_MOVE = YES;
				CLANG_WARN_UNGUARDED_AVAILABILITY = YES_AGGRESSIVE;
				CLANG_WARN_UNREACHABLE_CODE = YES;
				CLANG_WARN__DUPLICATE_METHOD_MATCH = YES;
				COPY_PHASE_STRIP = NO;
				DEBUG_INFORMATION_FORMAT = dwarf;
				ENABLE_STRICT_OBJC_MSGSEND = YES;
				ENABLE_TESTABILITY = YES;
				GCC_C_LANGUAGE_STANDARD = gnu11;
				GCC_DYNAMIC_NO_PIC = NO;
				GCC_NO_COMMON_BLOCKS = YES;
				GCC_OPTIMIZATION_LEVEL = 0;
				GCC_PREPROCESSOR_DEFINITIONS = (
					"DEBUG=1",
					"$(inherited)",
				);
				GCC_WARN_64_TO_32_BIT_CONVERSION = YES;
				GCC_WARN_ABOUT_RETURN_TYPE = YES_ERROR;
				GCC_WARN_UNDECLARED_SELECTOR = YES;
				GCC_WARN_UNINITIALIZED_AUTOS = YES_AGGRESSIVE;
				GCC_WARN_UNUSED_FUNCTION = YES;
				GCC_WARN_UNUSED_VARIABLE = YES;
				IPHONEOS_DEPLOYMENT_TARGET = 13.6;
				MTL_ENABLE_DEBUG_INFO = INCLUDE_SOURCE;
				MTL_FAST_MATH = YES;
				ONLY_ACTIVE_ARCH = YES;
				SDKROOT = iphoneos;
				SWIFT_ACTIVE_COMPILATION_CONDITIONS = DEBUG;
				SWIFT_OPTIMIZATION_LEVEL = "-Onone";
			};
			name = Debug;
		};
		A4149C9F24E100EA001D0032 /* Release */ = {
			isa = XCBuildConfiguration;
			buildSettings = {
				ALWAYS_SEARCH_USER_PATHS = NO;
				CLANG_ANALYZER_NONNULL = YES;
				CLANG_ANALYZER_NUMBER_OBJECT_CONVERSION = YES_AGGRESSIVE;
				CLANG_CXX_LANGUAGE_STANDARD = "gnu++14";
				CLANG_CXX_LIBRARY = "libc++";
				CLANG_ENABLE_MODULES = YES;
				CLANG_ENABLE_OBJC_ARC = YES;
				CLANG_ENABLE_OBJC_WEAK = YES;
				CLANG_WARN_BLOCK_CAPTURE_AUTORELEASING = YES;
				CLANG_WARN_BOOL_CONVERSION = YES;
				CLANG_WARN_COMMA = YES;
				CLANG_WARN_CONSTANT_CONVERSION = YES;
				CLANG_WARN_DEPRECATED_OBJC_IMPLEMENTATIONS = YES;
				CLANG_WARN_DIRECT_OBJC_ISA_USAGE = YES_ERROR;
				CLANG_WARN_DOCUMENTATION_COMMENTS = YES;
				CLANG_WARN_EMPTY_BODY = YES;
				CLANG_WARN_ENUM_CONVERSION = YES;
				CLANG_WARN_INFINITE_RECURSION = YES;
				CLANG_WARN_INT_CONVERSION = YES;
				CLANG_WARN_NON_LITERAL_NULL_CONVERSION = YES;
				CLANG_WARN_OBJC_IMPLICIT_RETAIN_SELF = YES;
				CLANG_WARN_OBJC_LITERAL_CONVERSION = YES;
				CLANG_WARN_OBJC_ROOT_CLASS = YES_ERROR;
				CLANG_WARN_RANGE_LOOP_ANALYSIS = YES;
				CLANG_WARN_STRICT_PROTOTYPES = YES;
				CLANG_WARN_SUSPICIOUS_MOVE = YES;
				CLANG_WARN_UNGUARDED_AVAILABILITY = YES_AGGRESSIVE;
				CLANG_WARN_UNREACHABLE_CODE = YES;
				CLANG_WARN__DUPLICATE_METHOD_MATCH = YES;
				COPY_PHASE_STRIP = NO;
				DEBUG_INFORMATION_FORMAT = "dwarf-with-dsym";
				ENABLE_NS_ASSERTIONS = NO;
				ENABLE_STRICT_OBJC_MSGSEND = YES;
				GCC_C_LANGUAGE_STANDARD = gnu11;
				GCC_NO_COMMON_BLOCKS = YES;
				GCC_WARN_64_TO_32_BIT_CONVERSION = YES;
				GCC_WARN_ABOUT_RETURN_TYPE = YES_ERROR;
				GCC_WARN_UNDECLARED_SELECTOR = YES;
				GCC_WARN_UNINITIALIZED_AUTOS = YES_AGGRESSIVE;
				GCC_WARN_UNUSED_FUNCTION = YES;
				GCC_WARN_UNUSED_VARIABLE = YES;
				IPHONEOS_DEPLOYMENT_TARGET = 13.6;
				MTL_ENABLE_DEBUG_INFO = NO;
				MTL_FAST_MATH = YES;
				SDKROOT = iphoneos;
				SWIFT_COMPILATION_MODE = wholemodule;
				SWIFT_OPTIMIZATION_LEVEL = "-O";
				VALIDATE_PRODUCT = YES;
			};
			name = Release;
		};
		A4149CA124E100EA001D0032 /* Debug */ = {
			isa = XCBuildConfiguration;
			buildSettings = {
				ASSETCATALOG_COMPILER_APPICON_NAME = AppIcon;
				CODE_SIGN_STYLE = Automatic;
				INFOPLIST_FILE = SlideShowApp/Info.plist;
				LD_RUNPATH_SEARCH_PATHS = (
					"$(inherited)",
					"@executable_path/Frameworks",
				);
				PRODUCT_BUNDLE_IDENTIFIER = jp.techacademy.miurakazuma67.SlideShowApp;
				PRODUCT_NAME = "$(TARGET_NAME)";
				SWIFT_VERSION = 5.0;
				TARGETED_DEVICE_FAMILY = "1,2";
			};
			name = Debug;
		};
		A4149CA224E100EA001D0032 /* Release */ = {
			isa = XCBuildConfiguration;
			buildSettings = {
				ASSETCATALOG_COMPILER_APPICON_NAME = AppIcon;
				CODE_SIGN_STYLE = Automatic;
				INFOPLIST_FILE = SlideShowApp/Info.plist;
				LD_RUNPATH_SEARCH_PATHS = (
					"$(inherited)",
					"@executable_path/Frameworks",
				);
				PRODUCT_BUNDLE_IDENTIFIER = jp.techacademy.miurakazuma67.SlideShowApp;
				PRODUCT_NAME = "$(TARGET_NAME)";
				SWIFT_VERSION = 5.0;
				TARGETED_DEVICE_FAMILY = "1,2";
			};
			name = Release;
		};
/* End XCBuildConfiguration section */

/* Begin XCConfigurationList section */
		A4149C8724E100E9001D0032 /* Build configuration list for PBXProject "SlideShowApp2" */ = {
			isa = XCConfigurationList;
			buildConfigurations = (
				A4149C9E24E100EA001D0032 /* Debug */,
				A4149C9F24E100EA001D0032 /* Release */,
			);
			defaultConfigurationIsVisible = 0;
			defaultConfigurationName = Release;
		};
		A4149CA024E100EA001D0032 /* Build configuration list for PBXNativeTarget "SlideShowApp" */ = {
			isa = XCConfigurationList;
			buildConfigurations = (
				A4149CA124E100EA001D0032 /* Debug */,
				A4149CA224E100EA001D0032 /* Release */,
			);
			defaultConfigurationIsVisible = 0;
			defaultConfigurationName = Release;
		};
/* End XCConfigurationList section */
	};
	rootObject = A4149C8424E100E9001D0032 /* Project object */;
}
